{
  "nodes": {
    "flake-utils": {
      "inputs": {
        "systems": "systems"
      },
      "locked": {
        "lastModified": 1731533236,
        "narHash": "sha256-l0KFg5HjrsfsO/JpG+r7fRrqm12kzFHyUHqHCVpMMbI=",
        "owner": "numtide",
        "repo": "flake-utils",
        "rev": "11707dc2f618dd54ca8739b309ec4fc024de578b",
        "type": "github"
      },
      "original": {
        "owner": "numtide",
        "repo": "flake-utils",
        "type": "github"
      }
    },
    "nixpkgs": {
      "locked": {
        "lastModified": 1786473726,
        "narHash": "sha256-nR78TZIP7pyYCdmx71m9Imta6NmLU1ofwwBdAKOcoZY=",
        "rev": "d8ce6e74f93e3aded7d58a98b1a958dbb1fd4c78",
        "type": "tarball",
        "url": "https://git.tatikoma.dev/api/v1/repos/corpix/nixpkgs/archive/d8ce6e74f93e3aded7d58a98b1a958dbb1fd4c78.tar.gz"
      },
      "original": {
        "type": "tarball",
        "url": "https://git.tatikoma.dev/corpix/nixpkgs/archive/corpix.tar.gz"
      }
    },
    "root": {
      "inputs": {
        "flake-utils": "flake-utils",
        "nixpkgs": "nixpkgs"
      }
    },
    "systems": {
      "locked": {
        "lastModified": 1681028828,
        "narHash": "sha256-Vy1rq5AaRuLzOxct8nz4T6wlgyUR7zLU309k9mBC768=",
        "owner": "nix-systems",
        "repo": "default",
        "rev": "da67096a3b9bf56a91d16901293e51ba5b49a27e",
        "type": "github"
      },
      "original": {
        "owner": "nix-systems",
        "repo": "default",
        "type": "github"
      }
    }
  },
  "root": "root",
  "version": 7
}
